
Microsoft Visual Studio Solution File, Format Version 12.00
# Visual Studio Version 17
VisualStudioVersion = 17.5.33627.172
MinimumVisualStudioVersion = 10.0.40219.1
Project("{9A19103F-16F7-4668-BE54-9A1E7A4F7556}") = "TaxCalculator.API", "src\TaxCalculator.API\TaxCalculator.API.csproj", "{578E08AB-EA22-49A1-8AA6-6E64C7ADA0A3}"
EndProject
Project("{9A19103F-16F7-4668-BE54-9A1E7A4F7556}") = "TaxCalculator.Domain", "src\TaxCalculator.Domain\TaxCalculator.Domain.csproj", "{4F9FA0EF-4F9D-48F5-AD51-E2B6408721FD}"
EndProject
Project("{9A19103F-16F7-4668-BE54-9A1E7A4F7556}") = "TaxCalculator.Infrastructure", "src\TaxCalculator.Infrastructure\TaxCalculator.Infrastructure.csproj", "{D3AED606-245C-4BEC-A22D-C65379E5827E}"
EndProject
Project("{9A19103F-16F7-4668-BE54-9A1E7A4F7556}") = "TaxCalculator.Application", "src\TaxCalculator.Application\TaxCalculator.Application.csproj", "{BE3F497E-FC8F-4087-97F7-01B76C7BA9C6}"
EndProject
Project("{FAE04EC0-301F-11D3-BF4B-00C04F79EFBC}") = "TaxCalculator.Tests", "tests\TaxCalculator.Tests\TaxCalculator.Tests.csproj", "{292D05CD-24B7-4A3A-A7F9-650911B9F6A7}"
EndProject
Global
	GlobalSection(SolutionConfigurationPlatforms) = preSolution
		Debug|Any CPU = Debug|Any CPU
		Release|Any CPU = Release|Any CPU
	EndGlobalSection
	GlobalSection(ProjectConfigurationPlatforms) = postSolution
		{578E08AB-EA22-49A1-8AA6-6E64C7ADA0A3}.Debug|Any CPU.ActiveCfg = Debug|Any CPU
		{578E08AB-EA22-49A1-8AA6-6E64C7ADA0A3}.Debug|Any CPU.Build.0 = Debug|Any CPU
		{578E08AB-EA22-49A1-8AA6-6E64C7ADA0A3}.Release|Any CPU.ActiveCfg = Release|Any CPU
		{578E08AB-EA22-49A1-8AA6-6E64C7ADA0A3}.Release|Any CPU.Build.0 = Release|Any CPU
		{4F9FA0EF-4F9D-48F5-AD51-E2B6408721FD}.Debug|Any CPU.ActiveCfg = Debug|Any CPU
		{4F9FA0EF-4F9D-48F5-AD51-E2B6408721FD}.Debug|Any CPU.Build.0 = Debug|Any CPU
		{4F9FA0EF-4F9D-48F5-AD51-E2B6408721FD}.Release|Any CPU.ActiveCfg = Release|Any CPU
		{4F9FA0EF-4F9D-48F5-AD51-E2B6408721FD}.Release|Any CPU.Build.0 = Release|Any CPU
		{D3AED606-245C-4BEC-A22D-C65379E5827E}.Debug|Any CPU.ActiveCfg = Debug|Any CPU
		{D3AED606-245C-4BEC-A22D-C65379E5827E}.Debug|Any CPU.Build.0 = Debug|Any CPU
		{D3AED606-245C-4BEC-A22D-C65379E5827E}.Release|Any CPU.ActiveCfg = Release|Any CPU
		{D3AED606-245C-4BEC-A22D-C65379E5827E}.Release|Any CPU.Build.0 = Release|Any CPU
		{BE3F497E-FC8F-4087-97F7-01B76C7BA9C6}.Debug|Any CPU.ActiveCfg = Debug|Any CPU
		{BE3F497E-FC8F-4087-97F7-01B76C7BA9C6}.Debug|Any CPU.Build.0 = Debug|Any CPU
		{BE3F497E-FC8F-4087-97F7-01B76C7BA9C6}.Release|Any CPU.ActiveCfg = Release|Any CPU
		{BE3F497E-FC8F-4087-97F7-01B76C7BA9C6}.Release|Any CPU.Build.0 = Release|Any CPU
		{292D05CD-24B7-4A3A-A7F9-650911B9F6A7}.Debug|Any CPU.ActiveCfg = Debug|Any CPU
		{292D05CD-24B7-4A3A-A7F9-650911B9F6A7}.Debug|Any CPU.Build.0 = Debug|Any CPU
		{292D05CD-24B7-4A3A-A7F9-650911B9F6A7}.Release|Any CPU.ActiveCfg = Release|Any CPU
		{292D05CD-24B7-4A3A-A7F9-650911B9F6A7}.Release|Any CPU.Build.0 = Release|Any CPU
	EndGlobalSection
	GlobalSection(SolutionProperties) = preSolution
		HideSolutionNode = FALSE
	EndGlobalSection
	GlobalSection(ExtensibilityGlobals) = postSolution
		SolutionGuid = {F2549736-1D4C-40EC-8801-D707E204B4F1}
	EndGlobalSection
EndGlobal
